<?xml version="1.0" encoding="UTF-8" standalone="yes" ?>
<CodeBlocks_project_file>
	<FileVersion major="1" minor="6" />
	<Project>
		<Option title="TensorNetworks" />
		<Option pch_mode="2" />
		<Option compiler="gcc" />
		<Build>
			<Target title="Debug">
				<Option output="../Debug/TensorNetworks" prefix_auto="1" extension_auto="1" />
				<Option working_dir="" />
				<Option object_output="obj/Debug/" />
				<Option type="2" />
				<Option compiler="gcc" />
				<Option createDefFile="1" />
				<Compiler>
					<Add option="-Wall" />
					<Add option="-g" />
					<Add option="-DDEBUG" />
					<Add directory="./" />
					<Add directory="TensorNetworks" />
					<Add directory="TensorNetworksImp" />
				</Compiler>
				<Linker>
					<Add directory="../Debug" />
				</Linker>
			</Target>
			<Target title="Release">
				<Option output="../Release/TensorNetworks" prefix_auto="1" extension_auto="1" />
				<Option working_dir="" />
				<Option object_output="obj/Release/" />
				<Option type="2" />
				<Option compiler="gcc" />
				<Option createDefFile="1" />
				<Compiler>
					<Add option="-O2" />
					<Add option="-Wall" />
					<Add option="-pg" />
					<Add option="-DNDEBUG" />
					<Add directory="./" />
					<Add directory="TensorNetworks" />
					<Add directory="TensorNetworksImp" />
				</Compiler>
				<Linker>
					<Add option="-pg" />
				</Linker>
			</Target>
		</Build>
		<Compiler>
			<Add option="-fPIC" />
			<Add option="-DHAVE_CONFIG_H" />
			<Add directory="../" />
			<Add directory="../Plotting" />
		</Compiler>
		<Linker>
			<Add library="Plotting" />
			<Add library="Misc" />
			<Add library="oml" />
			<Add library="primme" />
			<Add library="lapack" />
			<Add library="blas" />
		</Linker>
		<Unit filename="Containers/Matrix4.H" />
		<Unit filename="Containers/Matrix6.H" />
		<Unit filename="Containers/SparseMatrix.C">
			<Option compilerVar="CC" />
		</Unit>
		<Unit filename="Containers/SparseMatrix.H" />
		<Unit filename="Containers/Vector3.H" />
		<Unit filename="Containers/Vector4.H" />
		<Unit filename="TODO_List" />
		<Unit filename="TensorNetworks/Enums.H" />
		<Unit filename="TensorNetworks/Factory.H" />
		<Unit filename="TensorNetworks/Hamiltonian.H" />
		<Unit filename="TensorNetworks/LRPSupervisor.H" />
		<Unit filename="TensorNetworks/MatrixProductState.H" />
		<Unit filename="TensorNetworks/MultiPlotable.H" />
		<Unit filename="TensorNetworks/Operator.H" />
		<Unit filename="TensorNetworks/OperatorWRepresentation.H" />
		<Unit filename="TensorNetworks/SiteOperator.H" />
		<Unit filename="TensorNetworks/Typedefs.H" />
		<Unit filename="TensorNetworksImp/Bond.C">
			<Option compilerVar="CC" />
		</Unit>
		<Unit filename="TensorNetworksImp/Bond.H" />
		<Unit filename="TensorNetworksImp/FactoryImp.C">
			<Option compilerVar="CC" />
		</Unit>
		<Unit filename="TensorNetworksImp/FactoryImp.H" />
		<Unit filename="TensorNetworksImp/Hamiltonian_1D_NN_Heisenberg.C">
			<Option compilerVar="CC" />
		</Unit>
		<Unit filename="TensorNetworksImp/Hamiltonian_1D_NN_Heisenberg.H" />
		<Unit filename="TensorNetworksImp/IdentityOperator.C">
			<Option compilerVar="CC" />
		</Unit>
		<Unit filename="TensorNetworksImp/IdentityOperator.H" />
		<Unit filename="TensorNetworksImp/MatrixProductOperator.C">
			<Option compilerVar="CC" />
		</Unit>
		<Unit filename="TensorNetworksImp/MatrixProductOperator.H" />
		<Unit filename="TensorNetworksImp/MatrixProductSite.C">
			<Option compilerVar="CC" />
		</Unit>
		<Unit filename="TensorNetworksImp/MatrixProductSite.H" />
		<Unit filename="TensorNetworksImp/MatrixProductStateImp.C">
			<Option compilerVar="CC" />
		</Unit>
		<Unit filename="TensorNetworksImp/MatrixProductStateImp.H" />
		<Unit filename="TensorNetworksImp/MultiPlotableImp.C">
			<Option compilerVar="CC" />
		</Unit>
		<Unit filename="TensorNetworksImp/MultiPlotableImp.H" />
		<Unit filename="TensorNetworksImp/PrimeEigenSolver.C">
			<Option compilerVar="CC" />
		</Unit>
		<Unit filename="TensorNetworksImp/PrimeEigenSolver.H" />
		<Unit filename="TensorNetworksImp/SiteOperatorImp.C">
			<Option compilerVar="CC" />
		</Unit>
		<Unit filename="TensorNetworksImp/SiteOperatorImp.H" />
		<Unit filename="TensorNetworksImp/Typedefs.H" />
		<Unit filename="wx/wxMPS.py" />
		<Unit filename="wx/wxMPSFrame.py" />
		<Extensions>
			<code_completion />
			<debugger />
		</Extensions>
	</Project>
</CodeBlocks_project_file>
