<?xml version="1.0" encoding="UTF-8" standalone="yes" ?>
<CodeBlocks_project_file>
	<FileVersion major="1" minor="6" />
	<Project>
		<Option title="TensorNetworks" />
		<Option pch_mode="2" />
		<Option compiler="gcc" />
		<Build>
			<Target title="Debug">
				<Option output="Debug/TensorNetworks" prefix_auto="1" extension_auto="1" />
				<Option working_dir="" />
				<Option object_output="obj/Debug/" />
				<Option type="2" />
				<Option compiler="gcc" />
				<Option createDefFile="1" />
				<Compiler>
					<Add option="-Wall" />
					<Add option="-std=c++17" />
					<Add option="-g" />
					<Add option="-DDEBUG" />
					<Add directory="NumericalMethods" />
				</Compiler>
				<Linker>
					<Add directory="../Debug" />
				</Linker>
			</Target>
			<Target title="Release">
				<Option output="Release/TensorNetworks" prefix_auto="1" extension_auto="1" />
				<Option working_dir="" />
				<Option object_output="obj/Release/" />
				<Option type="2" />
				<Option compiler="gcc" />
				<Option createDefFile="1" />
				<Compiler>
					<Add option="-O2" />
					<Add option="-Wall" />
					<Add option="-std=c++17" />
					<Add option="-pg" />
					<Add option="-g" />
					<Add option="-DNDEBUG" />
					<Add directory="NumericalMethods" />
				</Compiler>
				<Linker>
					<Add option="-pg" />
					<Add directory="../Release" />
				</Linker>
			</Target>
		</Build>
		<Compiler>
			<Add option="-std=c++17" />
			<Add option="-fPIC" />
			<Add option="-Wno-unknown-pragmas" />
			<Add option="-Wno-format-security" />
			<Add directory="oml/include" />
			<Add directory="./" />
		</Compiler>
		<Linker>
			<Add library="Plotting" />
			<Add library="Misc" />
			<Add library="oml" />
			<Add library="primme" />
			<Add library="lapack" />
			<Add library="blas" />
		</Linker>
		<ExtraCommands>
			<Add before="pwd" />
		</ExtraCommands>
		<Unit filename="Containers/Matrix4.H" />
		<Unit filename="Containers/Matrix6.H" />
		<Unit filename="Containers/OneSiteDMs.C">
			<Option compilerVar="CC" />
		</Unit>
		<Unit filename="Containers/OneSiteDMs.H" />
		<Unit filename="Containers/SparseMatrix.C">
			<Option compilerVar="CC" />
		</Unit>
		<Unit filename="Containers/SparseMatrix.H" />
		<Unit filename="Containers/TwoSiteDMs.C">
			<Option compilerVar="CC" />
		</Unit>
		<Unit filename="Containers/TwoSiteDMs.H" />
		<Unit filename="Containers/Vector3.H" />
		<Unit filename="Containers/Vector4.H" />
		<Unit filename="Containers/ptr_vector.h" />
		<Unit filename="Containers/rc_ptr.h" />
		<Unit filename="Install" />
		<Unit filename="NumericalMethods/ArpackEigenSolver.C">
			<Option compilerVar="CC" />
		</Unit>
		<Unit filename="NumericalMethods/ArpackEigenSolver.H" />
		<Unit filename="NumericalMethods/EigenSolver.H" />
		<Unit filename="NumericalMethods/LapackEigenSolver.C">
			<Option compilerVar="CC" />
		</Unit>
		<Unit filename="NumericalMethods/LapackEigenSolver.H" />
		<Unit filename="NumericalMethods/LapackQRSolver.C">
			<Option compilerVar="CC" />
		</Unit>
		<Unit filename="NumericalMethods/LapackQRSolver.H" />
		<Unit filename="NumericalMethods/LapackSVDSolver.C">
			<Option compilerVar="CC" />
		</Unit>
		<Unit filename="NumericalMethods/LapackSVDSolver.H" />
		<Unit filename="NumericalMethods/PrimeEigenSolver.C">
			<Option compilerVar="CC" />
		</Unit>
		<Unit filename="NumericalMethods/PrimeEigenSolver.H" />
		<Unit filename="NumericalMethods/PrimeSVDSolver.C">
			<Option compilerVar="CC" />
		</Unit>
		<Unit filename="NumericalMethods/PrimeSVDSolver.H" />
		<Unit filename="NumericalMethods/QRSolver.H" />
		<Unit filename="NumericalMethods/SVDSolver.H" />
		<Unit filename="NumericalMethods/Solvers.C">
			<Option compilerVar="CC" />
		</Unit>
		<Unit filename="NumericalMethods/SparseEigenSolver.H" />
		<Unit filename="NumericalMethods/SparseSVDSolver.H" />
		<Unit filename="Operators/MPOImp.C">
			<Option compilerVar="CC" />
		</Unit>
		<Unit filename="Operators/MPOImp.H" />
		<Unit filename="Operators/MPO_OneSite.C">
			<Option compilerVar="CC" />
		</Unit>
		<Unit filename="Operators/MPO_OneSite.H" />
		<Unit filename="Operators/MPO_SpatialTrotter.C">
			<Option compilerVar="CC" />
		</Unit>
		<Unit filename="Operators/MPO_SpatialTrotter.H" />
		<Unit filename="Operators/MPO_TwoSite.C">
			<Option compilerVar="CC" />
		</Unit>
		<Unit filename="Operators/MPO_TwoSite.H" />
		<Unit filename="Operators/SiteOperatorBulk.C">
			<Option compilerVar="CC" />
		</Unit>
		<Unit filename="Operators/SiteOperatorBulk.H" />
		<Unit filename="Operators/SiteOperatorImp.C">
			<Option compilerVar="CC" />
		</Unit>
		<Unit filename="Operators/SiteOperatorImp.H" />
		<Unit filename="Operators/SiteOperatorImpCompress.C">
			<Option compilerVar="CC" />
		</Unit>
		<Unit filename="Operators/SiteOperatorImpRehsape.C">
			<Option compilerVar="CC" />
		</Unit>
		<Unit filename="Operators/SiteOperatorLeft.C">
			<Option compilerVar="CC" />
		</Unit>
		<Unit filename="Operators/SiteOperatorLeft.H" />
		<Unit filename="Operators/SiteOperatorRight.C">
			<Option compilerVar="CC" />
		</Unit>
		<Unit filename="Operators/SiteOperatorRight.H" />
		<Unit filename="Operators/iMPOImp.C">
			<Option compilerVar="CC" />
		</Unit>
		<Unit filename="Operators/iMPOImp.H" />
		<Unit filename="Operators/iMPO_SpatialTrotter.C">
			<Option compilerVar="CC" />
		</Unit>
		<Unit filename="Operators/iMPO_SpatialTrotter.H" />
		<Unit filename="TODO_List" />
		<Unit filename="TensorNetworks/CheckSpin.C">
			<Option compilerVar="CC" />
		</Unit>
		<Unit filename="TensorNetworks/CheckSpin.H" />
		<Unit filename="TensorNetworks/Dw12.C">
			<Option compilerVar="CC" />
		</Unit>
		<Unit filename="TensorNetworks/Dw12.H" />
		<Unit filename="TensorNetworks/Enums.H" />
		<Unit filename="TensorNetworks/Epsilons.C">
			<Option compilerVar="CC" />
		</Unit>
		<Unit filename="TensorNetworks/Epsilons.H" />
		<Unit filename="TensorNetworks/Factory.H" />
		<Unit filename="TensorNetworks/FullState.H" />
		<Unit filename="TensorNetworks/Hamiltonian.C">
			<Option compilerVar="CC" />
		</Unit>
		<Unit filename="TensorNetworks/Hamiltonian.H" />
		<Unit filename="TensorNetworks/IterationSchedule.C">
			<Option compilerVar="CC" />
		</Unit>
		<Unit filename="TensorNetworks/IterationSchedule.H" />
		<Unit filename="TensorNetworks/MPO.C">
			<Option compilerVar="CC" />
		</Unit>
		<Unit filename="TensorNetworks/MPO.H" />
		<Unit filename="TensorNetworks/MPS.C">
			<Option compilerVar="CC" />
		</Unit>
		<Unit filename="TensorNetworks/MPS.H" />
		<Unit filename="TensorNetworks/Namespace.H" />
		<Unit filename="TensorNetworks/SVCompressor.H" />
		<Unit filename="TensorNetworks/SiteOperator.H" />
		<Unit filename="TensorNetworks/TNSLogger.C">
			<Option compilerVar="CC" />
		</Unit>
		<Unit filename="TensorNetworks/TNSLogger.H" />
		<Unit filename="TensorNetworks/Typedefs.H" />
		<Unit filename="TensorNetworks/VNEntropy.C">
			<Option compilerVar="CC" />
		</Unit>
		<Unit filename="TensorNetworks/VNEntropy.H" />
		<Unit filename="TensorNetworks/iMPO.C">
			<Option compilerVar="CC" />
		</Unit>
		<Unit filename="TensorNetworks/iMPO.H" />
		<Unit filename="TensorNetworks/iTEBDState.H" />
		<Unit filename="TensorNetworksImp/FactoryImp.C">
			<Option compilerVar="CC" />
		</Unit>
		<Unit filename="TensorNetworksImp/FactoryImp.H" />
		<Unit filename="TensorNetworksImp/FullStateImp.C">
			<Option compilerVar="CC" />
		</Unit>
		<Unit filename="TensorNetworksImp/FullStateImp.H" />
		<Unit filename="TensorNetworksImp/Hamiltonians/HamiltonianImp.C">
			<Option compilerVar="CC" />
		</Unit>
		<Unit filename="TensorNetworksImp/Hamiltonians/HamiltonianImp.H" />
		<Unit filename="TensorNetworksImp/Hamiltonians/Hamiltonian_1D_NN_Heisenberg.C">
			<Option compilerVar="CC" />
		</Unit>
		<Unit filename="TensorNetworksImp/Hamiltonians/Hamiltonian_1D_NN_Heisenberg.H" />
		<Unit filename="TensorNetworksImp/Hamiltonians/Hamiltonian_1D_NN_Heisenberg_Upper.C">
			<Option compilerVar="CC" />
		</Unit>
		<Unit filename="TensorNetworksImp/Hamiltonians/Hamiltonian_1D_NN_Heisenberg_Upper.H" />
		<Unit filename="TensorNetworksImp/Hamiltonians/Hamiltonian_1D_NN_TransverseIsing.C">
			<Option compilerVar="CC" />
		</Unit>
		<Unit filename="TensorNetworksImp/Hamiltonians/Hamiltonian_1D_NN_TransverseIsing.H" />
		<Unit filename="TensorNetworksImp/MPS/Bond.C">
			<Option compilerVar="CC" />
		</Unit>
		<Unit filename="TensorNetworksImp/MPS/Bond.H" />
		<Unit filename="TensorNetworksImp/MPS/MPSImp.C">
			<Option compilerVar="CC" />
		</Unit>
		<Unit filename="TensorNetworksImp/MPS/MPSImp.H" />
		<Unit filename="TensorNetworksImp/MPS/MPSImp_ExpectationsAndDMs.C">
			<Option compilerVar="CC" />
		</Unit>
		<Unit filename="TensorNetworksImp/MPS/MPSImp_Normalization.C">
			<Option compilerVar="CC" />
		</Unit>
		<Unit filename="TensorNetworksImp/MPS/MPSImp_Variational.C">
			<Option compilerVar="CC" />
		</Unit>
		<Unit filename="TensorNetworksImp/MPS/MPSImp_iTime.C">
			<Option compilerVar="CC" />
		</Unit>
		<Unit filename="TensorNetworksImp/MPS/MPSSite.C">
			<Option compilerVar="CC" />
		</Unit>
		<Unit filename="TensorNetworksImp/MPS/MPSSite.H" />
		<Unit filename="TensorNetworksImp/MPS/MPSSite_Contractions.C">
			<Option compilerVar="CC" />
		</Unit>
		<Unit filename="TensorNetworksImp/MPS/MPSSite_Normalization.C">
			<Option compilerVar="CC" />
		</Unit>
		<Unit filename="TensorNetworksImp/MPS/MPSSite_Variational.C">
			<Option compilerVar="CC" />
		</Unit>
		<Unit filename="TensorNetworksImp/MPS/MPSSite_iTIme.C">
			<Option compilerVar="CC" />
		</Unit>
		<Unit filename="TensorNetworksImp/Namespace.H" />
		<Unit filename="TensorNetworksImp/NullLogger.C">
			<Option compilerVar="CC" />
		</Unit>
		<Unit filename="TensorNetworksImp/NullLogger.H" />
		<Unit filename="TensorNetworksImp/SPDLogger.C">
			<Option compilerVar="CC" />
		</Unit>
		<Unit filename="TensorNetworksImp/SPDLogger.H" />
		<Unit filename="TensorNetworksImp/SVCompressorImp.C">
			<Option compilerVar="CC" />
		</Unit>
		<Unit filename="TensorNetworksImp/SVCompressorImp.H" />
		<Unit filename="TensorNetworksImp/SVMPOCompressor.C">
			<Option compilerVar="CC" />
		</Unit>
		<Unit filename="TensorNetworksImp/SVMPOCompressor.H" />
		<Unit filename="TensorNetworksImp/SpinCalculator.C">
			<Option compilerVar="CC" />
		</Unit>
		<Unit filename="TensorNetworksImp/SpinCalculator.H" />
		<Unit filename="TensorNetworksImp/StateIterator.C">
			<Option compilerVar="CC" />
		</Unit>
		<Unit filename="TensorNetworksImp/StateIterator.H" />
		<Unit filename="TensorNetworksImp/Typedefs.H" />
		<Unit filename="TensorNetworksImp/iTEBD/iTEBDGates.C">
			<Option compilerVar="CC" />
		</Unit>
		<Unit filename="TensorNetworksImp/iTEBD/iTEBDGates.H" />
		<Unit filename="TensorNetworksImp/iTEBD/iTEBDMPOs.C">
			<Option compilerVar="CC" />
		</Unit>
		<Unit filename="TensorNetworksImp/iTEBD/iTEBDMPOs.H" />
		<Unit filename="TensorNetworksImp/iTEBD/iTEBDStateImp.C">
			<Option compilerVar="CC" />
		</Unit>
		<Unit filename="TensorNetworksImp/iTEBD/iTEBDStateImp.H" />
		<Unit filename="TensorNetworksImp/iTEBD/iTEBDStateImp_Contractions.C">
			<Option compilerVar="CC" />
		</Unit>
		<Unit filename="TensorNetworksImp/iTEBD/iTEBDStateImp_OrthoNorm.C">
			<Option compilerVar="CC" />
		</Unit>
		<Unit filename="TensorNetworksImp/iTEBD/iTEBDStateImp_iTime.C">
			<Option compilerVar="CC" />
		</Unit>
		<Unit filename="TensorNetworksImp/iTEBD/iTEBDiMPOs.C">
			<Option compilerVar="CC" />
		</Unit>
		<Unit filename="TensorNetworksImp/iTEBD/iTEBDiMPOs.H" />
		<Unit filename="wx/wxHamiltonianPanel.py" />
		<Unit filename="wx/wxMPS.py" />
		<Unit filename="wx/wxMPSApproximationsPanel.py" />
		<Unit filename="wx/wxMPSFrame.py" />
		<Unit filename="wx/wxMPSStatusPanel.py" />
		<Extensions />
	</Project>
</CodeBlocks_project_file>
