<?xml version="1.0" encoding="UTF-8" standalone="yes" ?>
<CodeBlocks_project_file>
	<FileVersion major="1" minor="6" />
	<Project>
		<Option title="TensorNetworks" />
		<Option pch_mode="2" />
		<Option compiler="gcc" />
		<Build>
			<Target title="Debug">
				<Option output="../Debug/TensorNetworks" prefix_auto="1" extension_auto="1" />
				<Option working_dir="" />
				<Option object_output="obj/Debug/" />
				<Option type="2" />
				<Option compiler="gcc" />
				<Option createDefFile="1" />
				<Compiler>
					<Add option="-Wall" />
					<Add option="-g" />
					<Add option="-DDEBUG" />
					<Add directory="./" />
				</Compiler>
			</Target>
			<Target title="Release">
				<Option output="../Release/TensorNetworks" prefix_auto="1" extension_auto="1" />
				<Option working_dir="" />
				<Option object_output="obj/Release/" />
				<Option type="2" />
				<Option compiler="gcc" />
				<Option createDefFile="1" />
				<Compiler>
					<Add option="-Wall" />
					<Add option="-O2" />
					<Add directory="./" />
				</Compiler>
				<Linker>
					<Add option="-s" />
				</Linker>
			</Target>
		</Build>
		<Compiler>
			<Add directory="../" />
		</Compiler>
		<Unit filename="Hamiltonian.C">
			<Option compilerVar="CC" />
		</Unit>
		<Unit filename="Hamiltonian.H" />
		<Unit filename="Hamiltonian_1D_NN_Heisenberg.C">
			<Option compilerVar="CC" />
		</Unit>
		<Unit filename="Hamiltonian_1D_NN_Heisenberg.H" />
		<Unit filename="MPOSite.C">
			<Option compilerVar="CC" />
		</Unit>
		<Unit filename="MPOSite.H" />
		<Unit filename="Matrix4.H" />
		<Unit filename="Matrix6.H" />
		<Unit filename="MatrixProductOperator.C">
			<Option compilerVar="CC" />
		</Unit>
		<Unit filename="MatrixProductOperator.H" />
		<Unit filename="MatrixProductSite.C">
			<Option compilerVar="CC" />
		</Unit>
		<Unit filename="MatrixProductSite.H" />
		<Unit filename="MatrixProductState.C">
			<Option compilerVar="CPP" />
		</Unit>
		<Unit filename="MatrixProductState.H" />
		<Unit filename="Subscriptor.H" />
		<Unit filename="Vector3.H" />
		<Extensions>
			<code_completion />
			<debugger />
		</Extensions>
	</Project>
</CodeBlocks_project_file>
